{
  "name": ".",
  "version": "1.0.0",
  "lockfileVersion": 2,
  "requires": true,
  "packages": {
    "": {
      "name": ".",
      "version": "1.0.0",
      "devDependencies": {
        "assemblyscript": "^0.19.12"
      }
    },
    "node_modules/assemblyscript": {
      "version": "0.19.18",
      "resolved": "https://registry.npmjs.org/assemblyscript/-/assemblyscript-0.19.18.tgz",
      "integrity": "sha512-y/7IufNwjmIorfLPS2+hIG89cFpZMYCakO/dX2EG8qI2ucEA2VIfh786s5j15w7nJU+VwKgr6K80xjUZO3rvFA==",
      "dev": true,
      "dependencies": {
        "binaryen": "101.0.0-nightly.20210904",
        "long": "^4.0.0"
      },
      "bin": {
        "asc": "bin/asc",
        "asinit": "bin/asinit"
      },
      "funding": {
        "type": "opencollective",
        "url": "https://opencollective.com/assemblyscript"
      }
    },
    "node_modules/binaryen": {
      "version": "101.0.0-nightly.20210904",
      "resolved": "https://registry.npmjs.org/binaryen/-/binaryen-101.0.0-nightly.20210904.tgz",
      "integrity": "sha512-2AvJhErttuoMvgNcYPPpPy7C12PSvDdtZWtEeX/Otm/Vtf4ePvBpT3UIA00hGAh8HNaGr+dzFNstxTUvjNwZTg==",
      "dev": true,
      "bin": {
        "wasm-opt": "bin/wasm-opt"
      }
    },
    "node_modules/long": {
      "version": "4.0.0",
      "resolved": "https://registry.npmjs.org/long/-/long-4.0.0.tgz",
      "integrity": "sha512-XsP+KhQif4bjX1kbuSiySJFNAehNxgLb6hPRGJ9QsUr8ajHkuXGdrHmFUTUUXhDwVX2R5bY4JNZEwbUiMhV+MA==",
      "dev": true
    }
  },
  "dependencies": {
    "assemblyscript": {
      "version": "0.19.18",
      "resolved": "https://registry.npmjs.org/assemblyscript/-/assemblyscript-0.19.18.tgz",
      "integrity": "sha512-y/7IufNwjmIorfLPS2+hIG89cFpZMYCakO/dX2EG8qI2ucEA2VIfh786s5j15w7nJU+VwKgr6K80xjUZO3rvFA==",
      "dev": true,
      "requires": {
        "binaryen": "101.0.0-nightly.20210904",
        "long": "^4.0.0"
      }
    },
    "binaryen": {
      "version": "101.0.0-nightly.20210904",
      "resolved": "https://registry.npmjs.org/binaryen/-/binaryen-101.0.0-nightly.20210904.tgz",
      "integrity": "sha512-2AvJhErttuoMvgNcYPPpPy7C12PSvDdtZWtEeX/Otm/Vtf4ePvBpT3UIA00hGAh8HNaGr+dzFNstxTUvjNwZTg==",
      "dev": true
    },
    "long": {
      "version": "4.0.0",
      "resolved": "https://registry.npmjs.org/long/-/long-4.0.0.tgz",
      "integrity": "sha512-XsP+KhQif4bjX1kbuSiySJFNAehNxgLb6hPRGJ9QsUr8ajHkuXGdrHmFUTUUXhDwVX2R5bY4JNZEwbUiMhV+MA==",
      "dev": true
    }
  }
}
